{
  "name": "askgpt-function",
  "version": "1.0.0",
  "lockfileVersion": 2,
  "requires": true,
  "packages": {
    "": {
      "name": "askgpt-function",
      "version": "1.0.0",
      "dependencies": {
        "openai": "^4.0.0"
      }
    },
    "node_modules/openai": {
      "version": "4.21.1",
      "resolved": "https://registry.npmjs.org/openai/-/openai-4.21.1.tgz",
      "integrity": "sha512-aOkm+QUYk/vuRVHYXEsQbKkPg0uvEfVGM07mhDHR7yCPv9UacI2g4KrktsvUZnnO3ILJ2M+p9fq6BOzjDMt4iw==",
      "engines": {
        "node": ">=18"
      }
    }
  },
  "dependencies": {
    "openai": {
      "version": "4.21.1",
      "resolved": "https://registry.npmjs.org/openai/-/openai-4.21.1.tgz",
      "integrity": "sha512-aOkm+QUYk/vuRVHYXEsQbKkPg0uvEfVGM07mhDHR7yCPv9UacI2g4KrktsvUZnnO3ILJ2M+p9fq6BOzjDMt4iw=="
    }
  }
}
